{
  "name": "puppies-and-kittens-adoption-playwright-tests",
  "version": "0.1.0",
  "lockfileVersion": 3,
  "requires": true,
  "packages": {
    "": {
      "name": "puppies-and-kittens-adoption-playwright-tests",
      "version": "0.1.0",
      "license": "MIT",
      "dependencies": {
        "dotenv": "^8.2.0"
      },
      "devDependencies": {
        "@axe-core/playwright": "^4.9.0",
        "@playwright/test": "^1.41.2",
        "typescript": "^4.9.5"
      }
    },
    "node_modules/@axe-core/playwright": {
      "version": "4.9.0",
      "resolved": "https://registry.npmjs.org/@axe-core/playwright/-/playwright-4.9.0.tgz",
      "integrity": "sha512-Q1Lz75dNsX38jof+aev7RficDMdH/HLOLySkDdXR0fUoeFcLdw4UNgDO2CNNP4CTpoesEdfYRdd6VmDXjhBgbA==",
      "dev": true,
      "dependencies": {
        "axe-core": "~4.9.0"
      },
      "peerDependencies": {
        "playwright-core": ">= 1.0.0"
      }
    },
    "node_modules/@playwright/test": {
      "version": "1.41.2",
      "resolved": "https://registry.npmjs.org/@playwright/test/-/test-1.41.2.tgz",
      "integrity": "sha512-qQB9h7KbibJzrDpkXkYvsmiDJK14FULCCZgEcoe2AvFAS64oCirWTwzTlAYEbKaRxWs5TFesE1Na6izMv3HfGg==",
      "dev": true,
      "dependencies": {
        "playwright": "1.41.2"
      },
      "bin": {
        "playwright": "cli.js"
      },
      "engines": {
        "node": ">=16"
      }
    },
    "node_modules/axe-core": {
      "version": "4.9.0",
      "resolved": "https://registry.npmjs.org/axe-core/-/axe-core-4.9.0.tgz",
      "integrity": "sha512-H5orY+M2Fr56DWmMFpMrq5Ge93qjNdPVqzBv5gWK3aD1OvjBEJlEzxf09z93dGVQeI0LiW+aCMIx1QtShC/zUw==",
      "dev": true,
      "engines": {
        "node": ">=4"
      }
    },
    "node_modules/dotenv": {
      "version": "8.6.0",
      "resolved": "https://registry.npmjs.org/dotenv/-/dotenv-8.6.0.tgz",
      "integrity": "sha512-IrPdXQsk2BbzvCBGBOTmmSH5SodmqZNt4ERAZDmW4CT+tL8VtvinqywuANaFu4bOMWki16nqf0e4oC0QIaDr/g==",
      "engines": {
        "node": ">=10"
      }
    },
    "node_modules/fsevents": {
      "version": "2.3.2",
      "resolved": "https://registry.npmjs.org/fsevents/-/fsevents-2.3.2.tgz",
      "integrity": "sha512-xiqMQR4xAeHTuB9uWm+fFRcIOgKBMiOBP+eXiyT7jsgVCq1bkVygt00oASowB7EdtpOHaaPgKt812P9ab+DDKA==",
      "dev": true,
      "hasInstallScript": true,
      "optional": true,
      "os": [
        "darwin"
      ],
      "engines": {
        "node": "^8.16.0 || ^10.6.0 || >=11.0.0"
      }
    },
    "node_modules/playwright": {
      "version": "1.41.2",
      "resolved": "https://registry.npmjs.org/playwright/-/playwright-1.41.2.tgz",
      "integrity": "sha512-v0bOa6H2GJChDL8pAeLa/LZC4feoAMbSQm1/jF/ySsWWoaNItvrMP7GEkvEEFyCTUYKMxjQKaTSg5up7nR6/8A==",
      "dev": true,
      "dependencies": {
        "playwright-core": "1.41.2"
      },
      "bin": {
        "playwright": "cli.js"
      },
      "engines": {
        "node": ">=16"
      },
      "optionalDependencies": {
        "fsevents": "2.3.2"
      }
    },
    "node_modules/playwright-core": {
      "version": "1.41.2",
      "resolved": "https://registry.npmjs.org/playwright-core/-/playwright-core-1.41.2.tgz",
      "integrity": "sha512-VaTvwCA4Y8kxEe+kfm2+uUUw5Lubf38RxF7FpBxLPmGe5sdNkSg5e3ChEigaGrX7qdqT3pt2m/98LiyvU2x6CA==",
      "dev": true,
      "bin": {
        "playwright-core": "cli.js"
      },
      "engines": {
        "node": ">=16"
      }
    },
    "node_modules/typescript": {
      "version": "4.9.5",
      "resolved": "https://registry.npmjs.org/typescript/-/typescript-4.9.5.tgz",
      "integrity": "sha512-1FXk9E2Hm+QzZQ7z+McJiHL4NW1F2EzMu9Nq9i3zAaGqibafqYwCVU6WyWAuyQRRzOlxou8xZSyXLEN8oKj24g==",
      "dev": true,
      "bin": {
        "tsc": "bin/tsc",
        "tsserver": "bin/tsserver"
      },
      "engines": {
        "node": ">=4.2.0"
      }
    }
  }
}
